
Microsoft Visual Studio Solution File, Format Version 12.00
# Visual Studio Version 17
VisualStudioVersion = 17.4.33205.214
MinimumVisualStudioVersion = 10.0.40219.1
Project("{9A19103F-16F7-4668-BE54-9A1E7A4F7556}") = "ILSearchWinUI", "ILSearchWinUI\ILSearchWinUI.csproj", "{5A3413EE-EF18-46DD-9E53-FAAED61EEF78}"
EndProject
Project("{FAE04EC0-301F-11D3-BF4B-00C04F79EFBC}") = "ILSearchEngine", "ILSearchEngine\ILSearchEngine.csproj", "{E01FF7E8-7109-4EE9-8F46-19EEECCBE722}"
EndProject
Project("{2150E333-8FDC-42A3-9474-1A3956D46DE8}") = "tests", "tests", "{540CC1E9-B27C-4672-9355-48E25018C3B8}"
EndProject
Project("{FAE04EC0-301F-11D3-BF4B-00C04F79EFBC}") = "TestILSearchEngine", "tests\TestILSearchEngine\TestILSearchEngine.csproj", "{B8C5DCCA-996F-49F0-A5AA-03EC034276A9}"
EndProject
Global
	GlobalSection(SolutionConfigurationPlatforms) = preSolution
		Debug|Any CPU = Debug|Any CPU
		Release|Any CPU = Release|Any CPU
	EndGlobalSection
	GlobalSection(ProjectConfigurationPlatforms) = postSolution
		{5A3413EE-EF18-46DD-9E53-FAAED61EEF78}.Debug|Any CPU.ActiveCfg = Debug|Any CPU
		{5A3413EE-EF18-46DD-9E53-FAAED61EEF78}.Debug|Any CPU.Build.0 = Debug|Any CPU
		{5A3413EE-EF18-46DD-9E53-FAAED61EEF78}.Release|Any CPU.ActiveCfg = Release|Any CPU
		{5A3413EE-EF18-46DD-9E53-FAAED61EEF78}.Release|Any CPU.Build.0 = Release|Any CPU
		{E01FF7E8-7109-4EE9-8F46-19EEECCBE722}.Debug|Any CPU.ActiveCfg = Debug|Any CPU
		{E01FF7E8-7109-4EE9-8F46-19EEECCBE722}.Debug|Any CPU.Build.0 = Debug|Any CPU
		{E01FF7E8-7109-4EE9-8F46-19EEECCBE722}.Release|Any CPU.ActiveCfg = Release|Any CPU
		{E01FF7E8-7109-4EE9-8F46-19EEECCBE722}.Release|Any CPU.Build.0 = Release|Any CPU
		{B8C5DCCA-996F-49F0-A5AA-03EC034276A9}.Debug|Any CPU.ActiveCfg = Debug|Any CPU
		{B8C5DCCA-996F-49F0-A5AA-03EC034276A9}.Debug|Any CPU.Build.0 = Debug|Any CPU
		{B8C5DCCA-996F-49F0-A5AA-03EC034276A9}.Release|Any CPU.ActiveCfg = Release|Any CPU
		{B8C5DCCA-996F-49F0-A5AA-03EC034276A9}.Release|Any CPU.Build.0 = Release|Any CPU
	EndGlobalSection
	GlobalSection(SolutionProperties) = preSolution
		HideSolutionNode = FALSE
	EndGlobalSection
	GlobalSection(NestedProjects) = preSolution
		{B8C5DCCA-996F-49F0-A5AA-03EC034276A9} = {540CC1E9-B27C-4672-9355-48E25018C3B8}
	EndGlobalSection
	GlobalSection(ExtensibilityGlobals) = postSolution
		SolutionGuid = {53828EC5-8513-4BC6-9E63-6B7ADB85C6E0}
	EndGlobalSection
EndGlobal
